
Microsoft Visual Studio Solution File, Format Version 12.00
# Visual Studio 14
VisualStudioVersion = 14.0.25420.1
MinimumVisualStudioVersion = 10.0.40219.1
Project("{FAE04EC0-301F-11D3-BF4B-00C04F79EFBC}") = "TeduShop.Common", "Tedu.Common\TeduShop.Common.csproj", "{FA356067-6CB4-4498-B3FD-D79BD64495F7}"
EndProject
Project("{FAE04EC0-301F-11D3-BF4B-00C04F79EFBC}") = "TeduShop.Model", "TeduShop.Model\TeduShop.Model.csproj", "{821CA1E0-8651-4DA4-8E9C-69457D74BF9C}"
EndProject
Project("{FAE04EC0-301F-11D3-BF4B-00C04F79EFBC}") = "TeduShop.Data", "TeduShop.Data\TeduShop.Data.csproj", "{C66A9D70-8076-45A9-A703-43263280EC2D}"
EndProject
Project("{FAE04EC0-301F-11D3-BF4B-00C04F79EFBC}") = "TeduShop.Service", "TeduShop.Service\TeduShop.Service.csproj", "{D437F100-4E25-44E1-B4AC-5DC88D0294C3}"
EndProject
Project("{FAE04EC0-301F-11D3-BF4B-00C04F79EFBC}") = "TeduShop.Web", "TeduShop.Web\TeduShop.Web.csproj", "{A2C02308-4606-4F03-A0CC-8250F71C0546}"
EndProject
Project("{FAE04EC0-301F-11D3-BF4B-00C04F79EFBC}") = "TeduShop.UnitTest", "TeduShop.UnitTest\TeduShop.UnitTest.csproj", "{905A3D40-F79E-451D-8448-FCA7D7AD7F16}"
EndProject
Global
	GlobalSection(SolutionConfigurationPlatforms) = preSolution
		Debug|Any CPU = Debug|Any CPU
		Release|Any CPU = Release|Any CPU
	EndGlobalSection
	GlobalSection(ProjectConfigurationPlatforms) = postSolution
		{FA356067-6CB4-4498-B3FD-D79BD64495F7}.Debug|Any CPU.ActiveCfg = Debug|Any CPU
		{FA356067-6CB4-4498-B3FD-D79BD64495F7}.Debug|Any CPU.Build.0 = Debug|Any CPU
		{FA356067-6CB4-4498-B3FD-D79BD64495F7}.Release|Any CPU.ActiveCfg = Release|Any CPU
		{FA356067-6CB4-4498-B3FD-D79BD64495F7}.Release|Any CPU.Build.0 = Release|Any CPU
		{821CA1E0-8651-4DA4-8E9C-69457D74BF9C}.Debug|Any CPU.ActiveCfg = Debug|Any CPU
		{821CA1E0-8651-4DA4-8E9C-69457D74BF9C}.Debug|Any CPU.Build.0 = Debug|Any CPU
		{821CA1E0-8651-4DA4-8E9C-69457D74BF9C}.Release|Any CPU.ActiveCfg = Release|Any CPU
		{821CA1E0-8651-4DA4-8E9C-69457D74BF9C}.Release|Any CPU.Build.0 = Release|Any CPU
		{C66A9D70-8076-45A9-A703-43263280EC2D}.Debug|Any CPU.ActiveCfg = Debug|Any CPU
		{C66A9D70-8076-45A9-A703-43263280EC2D}.Debug|Any CPU.Build.0 = Debug|Any CPU
		{C66A9D70-8076-45A9-A703-43263280EC2D}.Release|Any CPU.ActiveCfg = Release|Any CPU
		{C66A9D70-8076-45A9-A703-43263280EC2D}.Release|Any CPU.Build.0 = Release|Any CPU
		{D437F100-4E25-44E1-B4AC-5DC88D0294C3}.Debug|Any CPU.ActiveCfg = Debug|Any CPU
		{D437F100-4E25-44E1-B4AC-5DC88D0294C3}.Debug|Any CPU.Build.0 = Debug|Any CPU
		{D437F100-4E25-44E1-B4AC-5DC88D0294C3}.Release|Any CPU.ActiveCfg = Release|Any CPU
		{D437F100-4E25-44E1-B4AC-5DC88D0294C3}.Release|Any CPU.Build.0 = Release|Any CPU
		{A2C02308-4606-4F03-A0CC-8250F71C0546}.Debug|Any CPU.ActiveCfg = Debug|Any CPU
		{A2C02308-4606-4F03-A0CC-8250F71C0546}.Debug|Any CPU.Build.0 = Debug|Any CPU
		{A2C02308-4606-4F03-A0CC-8250F71C0546}.Release|Any CPU.ActiveCfg = Release|Any CPU
		{A2C02308-4606-4F03-A0CC-8250F71C0546}.Release|Any CPU.Build.0 = Release|Any CPU
		{905A3D40-F79E-451D-8448-FCA7D7AD7F16}.Debug|Any CPU.ActiveCfg = Debug|Any CPU
		{905A3D40-F79E-451D-8448-FCA7D7AD7F16}.Debug|Any CPU.Build.0 = Debug|Any CPU
		{905A3D40-F79E-451D-8448-FCA7D7AD7F16}.Release|Any CPU.ActiveCfg = Release|Any CPU
		{905A3D40-F79E-451D-8448-FCA7D7AD7F16}.Release|Any CPU.Build.0 = Release|Any CPU
	EndGlobalSection
	GlobalSection(SolutionProperties) = preSolution
		HideSolutionNode = FALSE
	EndGlobalSection
EndGlobal
